
Microsoft Visual Studio Solution File, Format Version 12.00
# Visual Studio Version 17
VisualStudioVersion = 17.11.35431.28
MinimumVisualStudioVersion = 10.0.40219.1
Project("{FAE04EC0-301F-11D3-BF4B-00C04F79EFBC}") = "SharedAPI", "SharedAPI\SharedAPI.csproj", "{7D755306-9D9D-420A-AF22-A9A60678357D}"
EndProject
Project("{FAE04EC0-301F-11D3-BF4B-00C04F79EFBC}") = "Shared.Common", "Shared.Commond\Shared.Common.csproj", "{E4429DEB-038F-4415-86A5-96F0754584E7}"
EndProject
Global
	GlobalSection(SolutionConfigurationPlatforms) = preSolution
		Debug|Any CPU = Debug|Any CPU
		Release|Any CPU = Release|Any CPU
	EndGlobalSection
	GlobalSection(ProjectConfigurationPlatforms) = postSolution
		{7D755306-9D9D-420A-AF22-A9A60678357D}.Debug|Any CPU.ActiveCfg = Debug|Any CPU
		{7D755306-9D9D-420A-AF22-A9A60678357D}.Debug|Any CPU.Build.0 = Debug|Any CPU
		{7D755306-9D9D-420A-AF22-A9A60678357D}.Release|Any CPU.ActiveCfg = Release|Any CPU
		{7D755306-9D9D-420A-AF22-A9A60678357D}.Release|Any CPU.Build.0 = Release|Any CPU
		{E4429DEB-038F-4415-86A5-96F0754584E7}.Debug|Any CPU.ActiveCfg = Debug|Any CPU
		{E4429DEB-038F-4415-86A5-96F0754584E7}.Debug|Any CPU.Build.0 = Debug|Any CPU
		{E4429DEB-038F-4415-86A5-96F0754584E7}.Release|Any CPU.ActiveCfg = Release|Any CPU
		{E4429DEB-038F-4415-86A5-96F0754584E7}.Release|Any CPU.Build.0 = Release|Any CPU
	EndGlobalSection
	GlobalSection(SolutionProperties) = preSolution
		HideSolutionNode = FALSE
	EndGlobalSection
	GlobalSection(ExtensibilityGlobals) = postSolution
		SolutionGuid = {AD91CC9B-85DF-4944-ACC9-EEEF87C33F57}
	EndGlobalSection
EndGlobal
